#MicroXplorer Configuration settings - do not modify
ADC1.Channel-3\#ChannelRegularConversion=ADC_CHANNEL_10
ADC1.Channel-4\#ChannelRegularConversion=ADC_CHANNEL_4
ADC1.Channel-5\#ChannelRegularConversion=ADC_CHANNEL_3
ADC1.ClockPrescaler=ADC_CLOCK_ASYNC_DIV4
ADC1.ConversionDataManagement=ADC_CONVERSIONDATA_DMA_CIRCULAR
ADC1.EOCSelection=ADC_EOC_SEQ_CONV
ADC1.ExternalTrigConv=ADC_EXTERNALTRIG_T4_TRGO
ADC1.IPParameters=Rank-3\#ChannelRegularConversion,Channel-3\#ChannelRegularConversion,SamplingTime-3\#ChannelRegularConversion,OffsetNumber-3\#ChannelRegularConversion,OffsetSignedSaturation-3\#ChannelRegularConversion,NbrOfConversionFlag,master,ClockPrescaler,Rank-4\#ChannelRegularConversion,Channel-4\#ChannelRegularConversion,SamplingTime-4\#ChannelRegularConversion,OffsetNumber-4\#ChannelRegularConversion,OffsetSignedSaturation-4\#ChannelRegularConversion,Rank-5\#ChannelRegularConversion,Channel-5\#ChannelRegularConversion,SamplingTime-5\#ChannelRegularConversion,OffsetNumber-5\#ChannelRegularConversion,OffsetSignedSaturation-5\#ChannelRegularConversion,NbrOfConversion,ConversionDataManagement,ExternalTrigConv,EOCSelection,OversamplingMode,RightBitShift,Ratio
ADC1.NbrOfConversion=3
ADC1.NbrOfConversionFlag=1
ADC1.OffsetNumber-3\#ChannelRegularConversion=ADC_OFFSET_NONE
ADC1.OffsetNumber-4\#ChannelRegularConversion=ADC_OFFSET_NONE
ADC1.OffsetNumber-5\#ChannelRegularConversion=ADC_OFFSET_NONE
ADC1.OffsetSignedSaturation-3\#ChannelRegularConversion=DISABLE
ADC1.OffsetSignedSaturation-4\#ChannelRegularConversion=DISABLE
ADC1.OffsetSignedSaturation-5\#ChannelRegularConversion=DISABLE
ADC1.OversamplingMode=ENABLE
ADC1.Rank-3\#ChannelRegularConversion=1
ADC1.Rank-4\#ChannelRegularConversion=2
ADC1.Rank-5\#ChannelRegularConversion=3
ADC1.Ratio=4
ADC1.RightBitShift=ADC_RIGHTBITSHIFT_2
ADC1.SamplingTime-3\#ChannelRegularConversion=ADC_SAMPLETIME_16CYCLES_5
ADC1.SamplingTime-4\#ChannelRegularConversion=ADC_SAMPLETIME_16CYCLES_5
ADC1.SamplingTime-5\#ChannelRegularConversion=ADC_SAMPLETIME_16CYCLES_5
ADC1.master=1
ADC2.Channel-2\#ChannelRegularConversion=ADC_CHANNEL_10
ADC2.Channel-3\#ChannelRegularConversion=ADC_CHANNEL_5
ADC2.Channel-4\#ChannelRegularConversion=ADC_CHANNEL_8
ADC2.ClockPrescaler=ADC_CLOCK_ASYNC_DIV4
ADC2.ConversionDataManagement=ADC_CONVERSIONDATA_DMA_CIRCULAR
ADC2.EOCSelection=ADC_EOC_SEQ_CONV
ADC2.ExternalTrigConv=ADC_EXTERNALTRIG_T3_TRGO
ADC2.IPParameters=Rank-2\#ChannelRegularConversion,Channel-2\#ChannelRegularConversion,SamplingTime-2\#ChannelRegularConversion,OffsetNumber-2\#ChannelRegularConversion,OffsetSignedSaturation-2\#ChannelRegularConversion,NbrOfConversionFlag,ClockPrescaler,Rank-3\#ChannelRegularConversion,Channel-3\#ChannelRegularConversion,SamplingTime-3\#ChannelRegularConversion,OffsetNumber-3\#ChannelRegularConversion,OffsetSignedSaturation-3\#ChannelRegularConversion,Rank-4\#ChannelRegularConversion,Channel-4\#ChannelRegularConversion,SamplingTime-4\#ChannelRegularConversion,OffsetNumber-4\#ChannelRegularConversion,OffsetSignedSaturation-4\#ChannelRegularConversion,NbrOfConversion,ConversionDataManagement,ExternalTrigConv,EOCSelection,OversamplingMode,RightBitShift,Ratio
ADC2.NbrOfConversion=3
ADC2.NbrOfConversionFlag=1
ADC2.OffsetNumber-2\#ChannelRegularConversion=ADC_OFFSET_NONE
ADC2.OffsetNumber-3\#ChannelRegularConversion=ADC_OFFSET_NONE
ADC2.OffsetNumber-4\#ChannelRegularConversion=ADC_OFFSET_NONE
ADC2.OffsetSignedSaturation-2\#ChannelRegularConversion=DISABLE
ADC2.OffsetSignedSaturation-3\#ChannelRegularConversion=DISABLE
ADC2.OffsetSignedSaturation-4\#ChannelRegularConversion=DISABLE
ADC2.OversamplingMode=ENABLE
ADC2.Rank-2\#ChannelRegularConversion=1
ADC2.Rank-3\#ChannelRegularConversion=2
ADC2.Rank-4\#ChannelRegularConversion=3
ADC2.Ratio=4
ADC2.RightBitShift=ADC_RIGHTBITSHIFT_2
ADC2.SamplingTime-2\#ChannelRegularConversion=ADC_SAMPLETIME_16CYCLES_5
ADC2.SamplingTime-3\#ChannelRegularConversion=ADC_SAMPLETIME_16CYCLES_5
ADC2.SamplingTime-4\#ChannelRegularConversion=ADC_SAMPLETIME_16CYCLES_5
ADC3.Channel-2\#ChannelRegularConversion=ADC_CHANNEL_1
ADC3.Channel-3\#ChannelRegularConversion=ADC_CHANNEL_11
ADC3.Channel-4\#ChannelRegularConversion=ADC_CHANNEL_0
ADC3.ClockPrescaler=ADC_CLOCK_ASYNC_DIV4
ADC3.ContinuousConvMode=DISABLE
ADC3.ConversionDataManagement=ADC_CONVERSIONDATA_DMA_CIRCULAR
ADC3.DiscontinuousConvMode=DISABLE
ADC3.EOCSelection=ADC_EOC_SEQ_CONV
ADC3.ExternalTrigConv=ADC_EXTERNALTRIG_T2_TRGO
ADC3.IPParameters=Rank-2\#ChannelRegularConversion,Channel-2\#ChannelRegularConversion,SamplingTime-2\#ChannelRegularConversion,OffsetNumber-2\#ChannelRegularConversion,OffsetSignedSaturation-2\#ChannelRegularConversion,NbrOfConversionFlag,ClockPrescaler,Resolution,EOCSelection,Rank-3\#ChannelRegularConversion,Channel-3\#ChannelRegularConversion,SamplingTime-3\#ChannelRegularConversion,OffsetNumber-3\#ChannelRegularConversion,Rank-4\#ChannelRegularConversion,Channel-4\#ChannelRegularConversion,SamplingTime-4\#ChannelRegularConversion,OffsetNumber-4\#ChannelRegularConversion,NbrOfConversion,Ratio,ContinuousConvMode,DiscontinuousConvMode,ExternalTrigConv,ConversionDataManagement,Overrun,OversamplingMode,RightBitShift
ADC3.NbrOfConversion=3
ADC3.NbrOfConversionFlag=1
ADC3.OffsetNumber-2\#ChannelRegularConversion=ADC_OFFSET_NONE
ADC3.OffsetNumber-3\#ChannelRegularConversion=ADC_OFFSET_NONE
ADC3.OffsetNumber-4\#ChannelRegularConversion=ADC_OFFSET_NONE
ADC3.OffsetSignedSaturation-2\#ChannelRegularConversion=DISABLE
ADC3.Overrun=ADC_OVR_DATA_OVERWRITTEN
ADC3.OversamplingMode=ENABLE
ADC3.Rank-2\#ChannelRegularConversion=1
ADC3.Rank-3\#ChannelRegularConversion=2
ADC3.Rank-4\#ChannelRegularConversion=3
ADC3.Ratio=4
ADC3.Resolution=ADC_RESOLUTION_12B
ADC3.RightBitShift=ADC_RIGHTBITSHIFT_2
ADC3.SamplingTime-2\#ChannelRegularConversion=ADC_SAMPLETIME_32CYCLES_5
ADC3.SamplingTime-3\#ChannelRegularConversion=ADC_SAMPLETIME_32CYCLES_5
ADC3.SamplingTime-4\#ChannelRegularConversion=ADC_SAMPLETIME_32CYCLES_5
ARM.CMSIS.5.9.0.CMSISJjCORE_Checked=false
ARM.CMSIS.5.9.0.CMSISJjNNOoLib_Checked=false
ARM.CMSIS.5.9.0_SwParameter=CMSISJjDSP\:Source;CMSISJjNNOoLib\:true;CMSISJjCORE\:true;
Bdma.ADC3.0.Direction=DMA_PERIPH_TO_MEMORY
Bdma.ADC3.0.EventEnable=DISABLE
Bdma.ADC3.0.Instance=BDMA_Channel0
Bdma.ADC3.0.MemDataAlignment=DMA_MDATAALIGN_HALFWORD
Bdma.ADC3.0.MemInc=DMA_MINC_ENABLE
Bdma.ADC3.0.Mode=DMA_CIRCULAR
Bdma.ADC3.0.PeriphDataAlignment=DMA_PDATAALIGN_HALFWORD
Bdma.ADC3.0.PeriphInc=DMA_PINC_DISABLE
Bdma.ADC3.0.Polarity=HAL_DMAMUX_REQ_GEN_RISING
Bdma.ADC3.0.Priority=DMA_PRIORITY_VERY_HIGH
Bdma.ADC3.0.RequestNumber=1
Bdma.ADC3.0.RequestParameters=Instance,Direction,PeriphInc,MemInc,PeriphDataAlignment,MemDataAlignment,Mode,Priority,SignalID,Polarity,RequestNumber,SyncSignalID,SyncPolarity,SyncEnable,EventEnable,SyncRequestNumber
Bdma.ADC3.0.SignalID=NONE
Bdma.ADC3.0.SyncEnable=DISABLE
Bdma.ADC3.0.SyncPolarity=HAL_DMAMUX_SYNC_NO_EVENT
Bdma.ADC3.0.SyncRequestNumber=1
Bdma.ADC3.0.SyncSignalID=NONE
Bdma.Request0=ADC3
Bdma.RequestsNb=1
CAD.formats=
CAD.pinconfig=
CAD.provider=
CORTEX_M7.AccessPermission_S-Cortex_Memory_Protection_Unit_Region1_Settings_S=MPU_REGION_FULL_ACCESS
CORTEX_M7.AccessPermission_Spec=MPU_REGION_FULL_ACCESS
CORTEX_M7.BaseAddress_S-Cortex_Memory_Protection_Unit_Region1_Settings_S=0x38000000
CORTEX_M7.BaseAddress_Spec=0x30040000
CORTEX_M7.CPU_DCache=Enabled
CORTEX_M7.CPU_ICache=Enabled
CORTEX_M7.DisableExec_S-Cortex_Memory_Protection_Unit_Region1_Settings_S=MPU_INSTRUCTION_ACCESS_DISABLE
CORTEX_M7.Enable_S-Cortex_Memory_Protection_Unit_Region1_Settings_S=MPU_REGION_ENABLE
CORTEX_M7.IPParameters=CPU_ICache,CPU_DCache,MPU_Control,default_mode_Activation,Size_Spec,BaseAddress_Spec,TypeExtField_Spec,Enable_S-Cortex_Memory_Protection_Unit_Region1_Settings_S,AccessPermission_Spec,SubRegionDisable_Spec,BaseAddress_S-Cortex_Memory_Protection_Unit_Region1_Settings_S,Size_S-Cortex_Memory_Protection_Unit_Region1_Settings_S,TypeExtField_S-Cortex_Memory_Protection_Unit_Region1_Settings_S,AccessPermission_S-Cortex_Memory_Protection_Unit_Region1_Settings_S,IsShareable_S-Cortex_Memory_Protection_Unit_Region1_Settings_S,DisableExec_S-Cortex_Memory_Protection_Unit_Region1_Settings_S
CORTEX_M7.IsShareable_S-Cortex_Memory_Protection_Unit_Region1_Settings_S=MPU_ACCESS_SHAREABLE
CORTEX_M7.MPU_Control=MPU_PRIVILEGED_DEFAULT
CORTEX_M7.Size_S-Cortex_Memory_Protection_Unit_Region1_Settings_S=MPU_REGION_SIZE_64KB
CORTEX_M7.Size_Spec=MPU_REGION_SIZE_32KB
CORTEX_M7.SubRegionDisable_Spec=0x0
CORTEX_M7.TypeExtField_S-Cortex_Memory_Protection_Unit_Region1_Settings_S=MPU_TEX_LEVEL1
CORTEX_M7.TypeExtField_Spec=MPU_TEX_LEVEL1
CORTEX_M7.default_mode_Activation=1
DAC1.DAC_Channel-DAC_OUT1=DAC_CHANNEL_1
DAC1.DAC_Channel-DAC_OUT2=DAC_CHANNEL_2
DAC1.DAC_Trigger-DAC_OUT1=DAC_TRIGGER_T6_TRGO
DAC1.IPParameters=DAC_Channel-DAC_OUT1,DAC_Channel-DAC_OUT2,DAC_Trigger-DAC_OUT1
Dma.ADC1.3.Direction=DMA_PERIPH_TO_MEMORY
Dma.ADC1.3.EventEnable=DISABLE
Dma.ADC1.3.FIFOMode=DMA_FIFOMODE_DISABLE
Dma.ADC1.3.Instance=DMA1_Stream3
Dma.ADC1.3.MemDataAlignment=DMA_MDATAALIGN_HALFWORD
Dma.ADC1.3.MemInc=DMA_MINC_ENABLE
Dma.ADC1.3.Mode=DMA_CIRCULAR
Dma.ADC1.3.PeriphDataAlignment=DMA_PDATAALIGN_HALFWORD
Dma.ADC1.3.PeriphInc=DMA_PINC_DISABLE
Dma.ADC1.3.Polarity=HAL_DMAMUX_REQ_GEN_RISING
Dma.ADC1.3.Priority=DMA_PRIORITY_VERY_HIGH
Dma.ADC1.3.RequestNumber=1
Dma.ADC1.3.RequestParameters=Instance,Direction,PeriphInc,MemInc,PeriphDataAlignment,MemDataAlignment,Mode,Priority,FIFOMode,SignalID,Polarity,RequestNumber,SyncSignalID,SyncPolarity,SyncEnable,EventEnable,SyncRequestNumber
Dma.ADC1.3.SignalID=NONE
Dma.ADC1.3.SyncEnable=DISABLE
Dma.ADC1.3.SyncPolarity=HAL_DMAMUX_SYNC_NO_EVENT
Dma.ADC1.3.SyncRequestNumber=1
Dma.ADC1.3.SyncSignalID=NONE
Dma.ADC2.2.Direction=DMA_PERIPH_TO_MEMORY
Dma.ADC2.2.EventEnable=DISABLE
Dma.ADC2.2.FIFOMode=DMA_FIFOMODE_DISABLE
Dma.ADC2.2.Instance=DMA1_Stream2
Dma.ADC2.2.MemDataAlignment=DMA_MDATAALIGN_HALFWORD
Dma.ADC2.2.MemInc=DMA_MINC_ENABLE
Dma.ADC2.2.Mode=DMA_CIRCULAR
Dma.ADC2.2.PeriphDataAlignment=DMA_PDATAALIGN_HALFWORD
Dma.ADC2.2.PeriphInc=DMA_PINC_DISABLE
Dma.ADC2.2.Polarity=HAL_DMAMUX_REQ_GEN_RISING
Dma.ADC2.2.Priority=DMA_PRIORITY_VERY_HIGH
Dma.ADC2.2.RequestNumber=1
Dma.ADC2.2.RequestParameters=Instance,Direction,PeriphInc,MemInc,PeriphDataAlignment,MemDataAlignment,Mode,Priority,FIFOMode,SignalID,Polarity,RequestNumber,SyncSignalID,SyncPolarity,SyncEnable,EventEnable,SyncRequestNumber
Dma.ADC2.2.SignalID=NONE
Dma.ADC2.2.SyncEnable=DISABLE
Dma.ADC2.2.SyncPolarity=HAL_DMAMUX_SYNC_NO_EVENT
Dma.ADC2.2.SyncRequestNumber=1
Dma.ADC2.2.SyncSignalID=NONE
Dma.DAC1_CH1.1.Direction=DMA_MEMORY_TO_PERIPH
Dma.DAC1_CH1.1.EventEnable=DISABLE
Dma.DAC1_CH1.1.FIFOMode=DMA_FIFOMODE_DISABLE
Dma.DAC1_CH1.1.Instance=DMA1_Stream1
Dma.DAC1_CH1.1.MemDataAlignment=DMA_MDATAALIGN_WORD
Dma.DAC1_CH1.1.MemInc=DMA_MINC_ENABLE
Dma.DAC1_CH1.1.Mode=DMA_CIRCULAR
Dma.DAC1_CH1.1.PeriphDataAlignment=DMA_PDATAALIGN_WORD
Dma.DAC1_CH1.1.PeriphInc=DMA_PINC_DISABLE
Dma.DAC1_CH1.1.Polarity=HAL_DMAMUX_REQ_GEN_RISING
Dma.DAC1_CH1.1.Priority=DMA_PRIORITY_LOW
Dma.DAC1_CH1.1.RequestNumber=1
Dma.DAC1_CH1.1.RequestParameters=Instance,Direction,PeriphInc,MemInc,PeriphDataAlignment,MemDataAlignment,Mode,Priority,FIFOMode,SignalID,Polarity,RequestNumber,SyncSignalID,SyncPolarity,SyncEnable,EventEnable,SyncRequestNumber
Dma.DAC1_CH1.1.SignalID=NONE
Dma.DAC1_CH1.1.SyncEnable=DISABLE
Dma.DAC1_CH1.1.SyncPolarity=HAL_DMAMUX_SYNC_NO_EVENT
Dma.DAC1_CH1.1.SyncRequestNumber=1
Dma.DAC1_CH1.1.SyncSignalID=NONE
Dma.Request0=SPI4_TX
Dma.Request1=DAC1_CH1
Dma.Request2=ADC2
Dma.Request3=ADC1
Dma.RequestsNb=4
Dma.SPI4_TX.0.Direction=DMA_MEMORY_TO_PERIPH
Dma.SPI4_TX.0.EventEnable=DISABLE
Dma.SPI4_TX.0.FIFOMode=DMA_FIFOMODE_ENABLE
Dma.SPI4_TX.0.FIFOThreshold=DMA_FIFO_THRESHOLD_FULL
Dma.SPI4_TX.0.Instance=DMA1_Stream0
Dma.SPI4_TX.0.MemBurst=DMA_MBURST_SINGLE
Dma.SPI4_TX.0.MemDataAlignment=DMA_MDATAALIGN_BYTE
Dma.SPI4_TX.0.MemInc=DMA_MINC_ENABLE
Dma.SPI4_TX.0.Mode=DMA_NORMAL
Dma.SPI4_TX.0.PeriphBurst=DMA_PBURST_SINGLE
Dma.SPI4_TX.0.PeriphDataAlignment=DMA_PDATAALIGN_BYTE
Dma.SPI4_TX.0.PeriphInc=DMA_PINC_DISABLE
Dma.SPI4_TX.0.Polarity=HAL_DMAMUX_REQ_GEN_RISING
Dma.SPI4_TX.0.Priority=DMA_PRIORITY_LOW
Dma.SPI4_TX.0.RequestNumber=1
Dma.SPI4_TX.0.RequestParameters=Instance,Direction,PeriphInc,MemInc,PeriphDataAlignment,MemDataAlignment,Mode,Priority,FIFOMode,FIFOThreshold,MemBurst,PeriphBurst,SignalID,Polarity,RequestNumber,SyncSignalID,SyncPolarity,SyncEnable,EventEnable,SyncRequestNumber
Dma.SPI4_TX.0.SignalID=NONE
Dma.SPI4_TX.0.SyncEnable=DISABLE
Dma.SPI4_TX.0.SyncPolarity=HAL_DMAMUX_SYNC_NO_EVENT
Dma.SPI4_TX.0.SyncRequestNumber=1
Dma.SPI4_TX.0.SyncSignalID=NONE
FATFS.BSP.number=1
FATFS.IPParameters=USE_DMA_CODE_SD,_MAX_SS,_USE_LFN
FATFS.USE_DMA_CODE_SD=1
FATFS._MAX_SS=4096
FATFS._USE_LFN=1
FATFS0.BSP.STBoard=false
FATFS0.BSP.api=Unknown
FATFS0.BSP.component=
FATFS0.BSP.condition=
FATFS0.BSP.instance=PD4
FATFS0.BSP.ip=GPIO
FATFS0.BSP.mode=Input
FATFS0.BSP.name=Detect_SDIO
FATFS0.BSP.semaphore=
FATFS0.BSP.solution=PD4
File.Version=6
GPIO.groupedBy=Group By Peripherals
I2C1.I2C_Speed_Mode=I2C_Standard
I2C1.IPParameters=Timing,I2C_Speed_Mode
I2C1.Timing=0x307075B1
KeepUserPlacement=true
LPTIM1.IPParameters=ULPClockPolarity
LPTIM1.ULPClockPolarity=LPTIM_CLOCKPOLARITY_RISING_FALLING
LPTIM2.IPParameters=ULPClockPolarity
LPTIM2.ULPClockPolarity=LPTIM_CLOCKPOLARITY_RISING_FALLING
MMTAppReg1.MEMORYMAP.AppRegionName=DTCMRAM
MMTAppReg1.MEMORYMAP.ContextName=Cortex-M7NS
MMTAppReg1.MEMORYMAP.CoreName=ARM Cortex-M7
MMTAppReg1.MEMORYMAP.IPParameters=StartAddress,Size,CoreName,ContextName,Name
MMTAppReg1.MEMORYMAP.Name=DTCMRAM
MMTAppReg1.MEMORYMAP.Size=131072
MMTAppReg1.MEMORYMAP.StartAddress=0x20000000
MMTAppReg2.MEMORYMAP.AppRegionName=RAM
MMTAppReg2.MEMORYMAP.ContextName=Cortex-M7NS
MMTAppReg2.MEMORYMAP.CoreName=ARM Cortex-M7
MMTAppReg2.MEMORYMAP.DefaultDataRegion=true
MMTAppReg2.MEMORYMAP.IPParameters=StartAddress,Size,CoreName,ContextName,Name,DefaultDataRegion
MMTAppReg2.MEMORYMAP.Name=RAM
MMTAppReg2.MEMORYMAP.Size=524288
MMTAppReg2.MEMORYMAP.StartAddress=0x24000000
MMTAppReg3.MEMORYMAP.AppRegionName=RAM_D2
MMTAppReg3.MEMORYMAP.ContextName=Cortex-M7NS
MMTAppReg3.MEMORYMAP.CoreName=ARM Cortex-M7
MMTAppReg3.MEMORYMAP.IPParameters=StartAddress,Size,CoreName,ContextName,Name
MMTAppReg3.MEMORYMAP.Name=RAM_D2
MMTAppReg3.MEMORYMAP.Size=294912
MMTAppReg3.MEMORYMAP.StartAddress=0x30000000
MMTAppReg4.MEMORYMAP.AppRegionName=RAM_D3
MMTAppReg4.MEMORYMAP.ContextName=Cortex-M7NS
MMTAppReg4.MEMORYMAP.CoreName=ARM Cortex-M7
MMTAppReg4.MEMORYMAP.IPParameters=StartAddress,Size,CoreName,ContextName,Name
MMTAppReg4.MEMORYMAP.Name=RAM_D3
MMTAppReg4.MEMORYMAP.Size=65536
MMTAppReg4.MEMORYMAP.StartAddress=0x38000000
MMTAppReg5.MEMORYMAP.AppRegionName=ITCMRAM
MMTAppReg5.MEMORYMAP.Cacheability=WTRA
MMTAppReg5.MEMORYMAP.ContextName=Cortex-M7NS
MMTAppReg5.MEMORYMAP.CoreName=ARM Cortex-M7
MMTAppReg5.MEMORYMAP.IPParameters=StartAddress,Size,CoreName,ContextName,Name,Cacheability
MMTAppReg5.MEMORYMAP.Name=ITCMRAM
MMTAppReg5.MEMORYMAP.Size=65536
MMTAppReg5.MEMORYMAP.StartAddress=0x00000000
MMTAppReg6.MEMORYMAP.AP=RO_priv_only
MMTAppReg6.MEMORYMAP.AppRegionName=FLASH
MMTAppReg6.MEMORYMAP.Cacheability=WTRA
MMTAppReg6.MEMORYMAP.ContextName=Cortex-M7NS
MMTAppReg6.MEMORYMAP.CoreName=ARM Cortex-M7
MMTAppReg6.MEMORYMAP.DefaultCodeRegion=true
MMTAppReg6.MEMORYMAP.IPParameters=StartAddress,Size,CoreName,MemType,ContextName,Name,AP,Cacheability,DefaultCodeRegion,ISRRegion,RootBootRegion
MMTAppReg6.MEMORYMAP.ISRRegion=true
MMTAppReg6.MEMORYMAP.MemType=ROM
MMTAppReg6.MEMORYMAP.Name=FLASH
MMTAppReg6.MEMORYMAP.RootBootRegion=true
MMTAppReg6.MEMORYMAP.Size=2097152
MMTAppReg6.MEMORYMAP.StartAddress=0x08000000
MMTAppRegionsCount=6
MMTConfigApplied=false
MMTSectionSuffix=
Mcu.CPN=STM32H743VIT6
Mcu.Family=STM32H7
Mcu.IP0=ADC1
Mcu.IP1=ADC2
Mcu.IP10=LPTIM1
Mcu.IP11=LPTIM2
Mcu.IP12=MEMORYMAP
Mcu.IP13=NVIC
Mcu.IP14=RCC
Mcu.IP15=RNG
Mcu.IP16=RTC
Mcu.IP17=SDMMC1
Mcu.IP18=SPI1
Mcu.IP19=SPI2
Mcu.IP2=ADC3
Mcu.IP20=SPI4
Mcu.IP21=SYS
Mcu.IP22=TIM1
Mcu.IP23=TIM2
Mcu.IP24=TIM3
Mcu.IP25=TIM4
Mcu.IP26=TIM5
Mcu.IP27=TIM6
Mcu.IP28=TIM7
Mcu.IP29=TIM13
Mcu.IP3=BDMA
Mcu.IP30=TIM14
Mcu.IP31=TIM15
Mcu.IP32=TIM16
Mcu.IP33=USART2
Mcu.IP34=USB_DEVICE
Mcu.IP35=USB_OTG_FS
Mcu.IP4=CORTEX_M7
Mcu.IP5=DAC1
Mcu.IP6=DEBUG
Mcu.IP7=DMA
Mcu.IP8=FATFS
Mcu.IP9=I2C1
Mcu.IPNb=36
Mcu.Name=STM32H743VITx
Mcu.Package=LQFP100
Mcu.Pin0=PE2
Mcu.Pin1=PE3
Mcu.Pin10=PC0
Mcu.Pin11=PC1
Mcu.Pin12=PC2_C
Mcu.Pin13=PC3_C
Mcu.Pin14=PA0
Mcu.Pin15=PA1
Mcu.Pin16=PA2
Mcu.Pin17=PA3
Mcu.Pin18=PA4
Mcu.Pin19=PA5
Mcu.Pin2=PE4
Mcu.Pin20=PA6
Mcu.Pin21=PA7
Mcu.Pin22=PC4
Mcu.Pin23=PC5
Mcu.Pin24=PB0
Mcu.Pin25=PB1
Mcu.Pin26=PB2
Mcu.Pin27=PE7
Mcu.Pin28=PE8
Mcu.Pin29=PE9
Mcu.Pin3=PE5
Mcu.Pin30=PE10
Mcu.Pin31=PE11
Mcu.Pin32=PE12
Mcu.Pin33=PE13
Mcu.Pin34=PE14
Mcu.Pin35=PE15
Mcu.Pin36=PB10
Mcu.Pin37=PB12
Mcu.Pin38=PB13
Mcu.Pin39=PB14
Mcu.Pin4=PE6
Mcu.Pin40=PB15
Mcu.Pin41=PD8
Mcu.Pin42=PD9
Mcu.Pin43=PD10
Mcu.Pin44=PD11
Mcu.Pin45=PD12
Mcu.Pin46=PD14
Mcu.Pin47=PD15
Mcu.Pin48=PC6
Mcu.Pin49=PC7
Mcu.Pin5=PC13
Mcu.Pin50=PC8
Mcu.Pin51=PC9
Mcu.Pin52=PA8
Mcu.Pin53=PA9
Mcu.Pin54=PA10
Mcu.Pin55=PA11
Mcu.Pin56=PA12
Mcu.Pin57=PA13 (JTMS/SWDIO)
Mcu.Pin58=PA14 (JTCK/SWCLK)
Mcu.Pin59=PC10
Mcu.Pin6=PC14-OSC32_IN (OSC32_IN)
Mcu.Pin60=PC11
Mcu.Pin61=PC12
Mcu.Pin62=PD0
Mcu.Pin63=PD1
Mcu.Pin64=PD2
Mcu.Pin65=PD3
Mcu.Pin66=PD4
Mcu.Pin67=PD5
Mcu.Pin68=PD6
Mcu.Pin69=PD7
Mcu.Pin7=PC15-OSC32_OUT (OSC32_OUT)
Mcu.Pin70=PB3 (JTDO/TRACESWO)
Mcu.Pin71=PB4 (NJTRST)
Mcu.Pin72=PB5
Mcu.Pin73=PB6
Mcu.Pin74=PB7
Mcu.Pin75=PB8
Mcu.Pin76=PB9
Mcu.Pin77=PE0
Mcu.Pin78=PE1
Mcu.Pin79=VP_FATFS_VS_SDIO
Mcu.Pin8=PH0-OSC_IN (PH0)
Mcu.Pin80=VP_RNG_VS_RNG
Mcu.Pin81=VP_RTC_VS_RTC_Activate
Mcu.Pin82=VP_SYS_VS_Systick
Mcu.Pin83=VP_TIM1_VS_ClockSourceINT
Mcu.Pin84=VP_TIM2_VS_ClockSourceINT
Mcu.Pin85=VP_TIM2_VS_OPM
Mcu.Pin86=VP_TIM6_VS_ClockSourceINT
Mcu.Pin87=VP_TIM7_VS_ClockSourceINT
Mcu.Pin88=VP_TIM13_VS_ClockSourceINT
Mcu.Pin89=VP_TIM14_VS_ClockSourceINT
Mcu.Pin9=PH1-OSC_OUT (PH1)
Mcu.Pin90=VP_TIM16_VS_ClockSourceINT
Mcu.Pin91=VP_USB_DEVICE_VS_USB_DEVICE_CUSTOM_HID_FS
Mcu.Pin92=VP_MEMORYMAP_VS_MEMORYMAP
Mcu.PinsNb=93
Mcu.ThirdParty0=ARM.CMSIS.5.9.0
Mcu.ThirdPartyNb=1
Mcu.UserConstants=CUSTOM_HID_EPOUT_SIZE,0x40U;CUSTOM_HID_EPIN_SIZE,0x40U
Mcu.UserName=STM32H743VITx
MxCube.Version=6.16.0
MxDb.Version=DB.6.0.160
NVIC.ADC3_IRQn=true\:0\:0\:false\:false\:true\:true\:true\:true
NVIC.ADC_IRQn=true\:0\:0\:false\:false\:true\:true\:true\:true
NVIC.BDMA_Channel0_IRQn=true\:0\:0\:false\:false\:true\:false\:true\:true
NVIC.BusFault_IRQn=true\:0\:0\:false\:false\:true\:false\:false\:false
NVIC.DMA1_Stream0_IRQn=true\:0\:0\:false\:false\:true\:false\:true\:true
NVIC.DMA1_Stream1_IRQn=true\:0\:0\:false\:false\:true\:false\:true\:true
NVIC.DMA1_Stream2_IRQn=true\:0\:0\:false\:false\:true\:false\:true\:true
NVIC.DMA1_Stream3_IRQn=true\:0\:0\:false\:false\:true\:false\:true\:true
NVIC.DebugMonitor_IRQn=true\:0\:0\:false\:false\:true\:false\:false\:false
NVIC.ForceEnableDMAVector=true
NVIC.HardFault_IRQn=true\:0\:0\:false\:false\:true\:false\:false\:false
NVIC.MemoryManagement_IRQn=true\:0\:0\:false\:false\:true\:false\:false\:false
NVIC.NonMaskableInt_IRQn=true\:0\:0\:false\:false\:true\:false\:false\:false
NVIC.OTG_FS_IRQn=true\:0\:0\:false\:false\:true\:false\:true\:true
NVIC.PendSV_IRQn=true\:0\:0\:false\:false\:true\:false\:false\:false
NVIC.PriorityGroup=NVIC_PRIORITYGROUP_4
NVIC.SDMMC1_IRQn=true\:0\:0\:false\:false\:true\:true\:true\:true
NVIC.SPI4_IRQn=true\:0\:0\:false\:false\:true\:false\:true\:true
NVIC.SVCall_IRQn=true\:0\:0\:false\:false\:true\:false\:false\:false
NVIC.SysTick_IRQn=true\:0\:0\:false\:false\:true\:false\:true\:false
NVIC.TIM16_IRQn=true\:2\:0\:true\:false\:true\:true\:true\:true
NVIC.TIM6_DAC_IRQn=true\:0\:0\:false\:false\:true\:true\:true\:true
NVIC.TIM7_IRQn=true\:0\:0\:false\:false\:true\:true\:true\:true
NVIC.TIM8_TRG_COM_TIM14_IRQn=true\:0\:0\:false\:false\:true\:true\:true\:true
NVIC.TIM8_UP_TIM13_IRQn=true\:0\:0\:false\:false\:true\:true\:true\:true
NVIC.UsageFault_IRQn=true\:0\:0\:false\:false\:true\:false\:false\:false
PA0.GPIOParameters=GPIO_Label
PA0.GPIO_Label=MTR_PWM_R
PA0.Signal=S_TIM5_CH1
PA1.GPIOParameters=GPIO_Label
PA1.GPIO_Label=MTR_PWM_L
PA1.Signal=S_TIM5_CH2
PA10.GPIOParameters=GPIO_Label
PA10.GPIO_Label=MTR_DRVOFF_R
PA10.Locked=true
PA10.Signal=GPIO_Output
PA11.Mode=Device_Only
PA11.Signal=USB_OTG_FS_DM
PA12.Mode=Device_Only
PA12.Signal=USB_OTG_FS_DP
PA13\ (JTMS/SWDIO).Mode=Serial_Wire
PA13\ (JTMS/SWDIO).Signal=DEBUG_JTMS-SWDIO
PA14\ (JTCK/SWCLK).Mode=Serial_Wire
PA14\ (JTCK/SWCLK).Signal=DEBUG_JTCK-SWCLK
PA2.Mode=Asynchronous
PA2.Signal=USART2_TX
PA3.Mode=Asynchronous
PA3.Signal=USART2_RX
PA4.GPIOParameters=GPIO_Label
PA4.GPIO_Label=BUZZER_DAC_IN
PA4.Signal=COMP_DAC11_group
PA5.GPIOParameters=GPIO_Label
PA5.GPIO_Label=MTR_DAC_ILIMIT
PA5.Signal=COMP_DAC12_group
PA6.GPIOParameters=GPIO_Label
PA6.GPIO_Label=MTR_ADC_SOC_R
PA6.Signal=ADCx_INP3
PA7.GPIOParameters=GPIO_Label
PA7.GPIO_Label=DVP_PWDN
PA7.Locked=true
PA7.Signal=EVENTOUT
PA8.GPIOParameters=GPIO_Label
PA8.GPIO_Label=MTR_nSLEEP_R
PA8.Locked=true
PA8.Signal=GPIO_Output
PA9.GPIOParameters=GPIO_PuPd,GPIO_Label
PA9.GPIO_Label=MTR_nFAULT_R
PA9.GPIO_PuPd=GPIO_PULLUP
PA9.Locked=true
PA9.Signal=GPIO_Input
PB0.GPIOParameters=GPIO_Label
PB0.GPIO_Label=MTR_PWM_W_L
PB0.Signal=S_TIM3_CH3
PB1.GPIOParameters=GPIO_Label
PB1.GPIO_Label=MTR_ADC_SOA_L
PB1.Signal=ADCx_INP5
PB10.GPIOParameters=GPIO_Label
PB10.GPIO_Label=ENC_IN1_L
PB10.Mode=Encoder_mode_occur1
PB10.Signal=LPTIM2_IN1
PB12.GPIOParameters=GPIO_Label
PB12.GPIO_Label=MTR_CS_L
PB12.Locked=true
PB12.Signal=GPIO_Output
PB13.GPIOParameters=GPIO_Label
PB13.GPIO_Label=SPI2_MTR_ENC_SCK
PB13.Locked=true
PB13.Mode=Full_Duplex_Master
PB13.Signal=SPI2_SCK
PB14.GPIOParameters=GPIO_PuPd,GPIO_Label
PB14.GPIO_Label=SPI2_MTR_ENC_MISO
PB14.GPIO_PuPd=GPIO_PULLUP
PB14.Mode=Full_Duplex_Master
PB14.Signal=SPI2_MISO
PB15.GPIOParameters=GPIO_Label
PB15.GPIO_Label=SPI2_MTR_MOSI
PB15.Mode=Full_Duplex_Master
PB15.Signal=SPI2_MOSI
PB2.GPIOParameters=GPIO_Label
PB2.GPIO_Label=SENSOR_MUX0
PB2.Locked=true
PB2.Signal=GPIO_Output
PB3\ (JTDO/TRACESWO).Locked=true
PB3\ (JTDO/TRACESWO).Mode=Full_Duplex_Master
PB3\ (JTDO/TRACESWO).Signal=SPI1_SCK
PB4\ (NJTRST).GPIOParameters=GPIO_PuPd
PB4\ (NJTRST).GPIO_PuPd=GPIO_PULLUP
PB4\ (NJTRST).Mode=Full_Duplex_Master
PB4\ (NJTRST).Signal=SPI1_MISO
PB5.GPIOParameters=GPIO_Label
PB5.GPIO_Label=MTR_CS_R
PB5.Locked=true
PB5.Signal=GPIO_Output
PB6.GPIOParameters=GPIO_Label
PB6.GPIO_Label=MTR_PWM_U_R
PB6.Signal=S_TIM4_CH1
PB7.GPIOParameters=GPIO_Label
PB7.GPIO_Label=MTR_PWM_V_R
PB7.Locked=true
PB7.Signal=S_TIM4_CH2
PB8.GPIOParameters=GPIO_Pu
PB8.GPIO_Pu=GPIO_PULLUP
PB8.Mode=I2C
PB8.Signal=I2C1_SCL
PB9.GPIOParameters=GPIO_Pu
PB9.GPIO_Pu=GPIO_PULLUP
PB9.Mode=I2C
PB9.Signal=I2C1_SDA
PC0.GPIOParameters=GPIO_Label
PC0.GPIO_Label=PWR_ADC_BAT
PC0.Locked=true
PC0.Signal=ADCx_INP10
PC1.GPIOParameters=GPIO_Label,GPIO_Pd
PC1.GPIO_Label=SENSOR_ADC_IR_IN_R
PC1.GPIO_Pd=GPIO_NOPULL
PC1.Signal=ADCx_INP11
PC10.Mode=SD_4_bits_Wide_bus
PC10.Signal=SDMMC1_D2
PC11.Mode=SD_4_bits_Wide_bus
PC11.Signal=SDMMC1_D3
PC12.Mode=SD_4_bits_Wide_bus
PC12.Signal=SDMMC1_CK
PC13.GPIOParameters=GPIO_PuPd,GPIO_Label
PC13.GPIO_Label=KEY
PC13.GPIO_PuPd=GPIO_PULLDOWN
PC13.Locked=true
PC13.Signal=GPIO_Input
PC14-OSC32_IN\ (OSC32_IN).Mode=LSE-External-Oscillator
PC14-OSC32_IN\ (OSC32_IN).Signal=RCC_OSC32_IN
PC15-OSC32_OUT\ (OSC32_OUT).Mode=LSE-External-Oscillator
PC15-OSC32_OUT\ (OSC32_OUT).Signal=RCC_OSC32_OUT
PC2_C.GPIOParameters=GPIO_Label,GPIO_Pd
PC2_C.GPIO_Label=SENSOR_ADC_IR_IN_C
PC2_C.GPIO_Pd=GPIO_NOPULL
PC2_C.Mode=IN0-Single-Ended
PC2_C.Signal=ADC3_INP0
PC3_C.GPIOParameters=GPIO_Label,GPIO_Pd
PC3_C.GPIO_Label=SENSOR_ADC_IR_IN_L
PC3_C.GPIO_Pd=GPIO_NOPULL
PC3_C.Mode=IN1-Single-Ended
PC3_C.Signal=ADC3_INP1
PC4.GPIOParameters=GPIO_Label
PC4.GPIO_Label=MTR_ADC_SOA_R
PC4.Signal=ADCx_INP4
PC5.GPIOParameters=GPIO_Label
PC5.GPIO_Label=MTR_ADC_SOC_L
PC5.Signal=ADCx_INP8
PC6.GPIOParameters=GPIO_Label
PC6.GPIO_Label=MTR_PWM_U_L
PC6.Locked=true
PC6.Signal=S_TIM3_CH1
PC7.GPIOParameters=GPIO_Label
PC7.GPIO_Label=MTR_PWM_V_L
PC7.Signal=S_TIM3_CH2
PC8.Mode=SD_4_bits_Wide_bus
PC8.Signal=SDMMC1_D0
PC9.Mode=SD_4_bits_Wide_bus
PC9.Signal=SDMMC1_D1
PCC.Checker=true
PCC.Line=STM32H743/753
PCC.MCU=STM32H743VITx
PCC.PartNumber=STM32H743VITx
PCC.Seq0=2
PCC.Seq0.Step0.Average_Current=28 mA
PCC.Seq0.Step0.CPU_Frequency=168 MHz
PCC.Seq0.Step0.Category=In DS Table
PCC.Seq0.Step0.DMIPS=360.0
PCC.Seq0.Step0.Duration=0.06 ms
PCC.Seq0.Step0.Frequency=24 MHz
PCC.Seq0.Step0.Memory=ITCM
PCC.Seq0.Step0.Mode=RUN
PCC.Seq0.Step0.Oscillator=HSE BYP PLL Flash-LP Cache-ON
PCC.Seq0.Step0.Peripherals=
PCC.Seq0.Step0.SubMode1=DRUN/CRUN
PCC.Seq0.Step0.SubMode2=DSTANDBY
PCC.Seq0.Step0.SubMode3=DRUN
PCC.Seq0.Step0.TaMax=121.22
PCC.Seq0.Step0.User's_Consumption=0 mA
PCC.Seq0.Step0.Vcore=VOS3\: Scale3-Low
PCC.Seq0.Step0.Vdd=3.0
PCC.Seq0.Step0.Voltage_Source=Battery
PCC.Seq0.Step1.Average_Current=170 \u00B5A
PCC.Seq0.Step1.CPU_Frequency=0 Hz
PCC.Seq0.Step1.Category=In DS Table
PCC.Seq0.Step1.DMIPS=0.0
PCC.Seq0.Step1.Duration=1.94 ms
PCC.Seq0.Step1.Frequency=0 Hz
PCC.Seq0.Step1.Memory=NA
PCC.Seq0.Step1.Mode=STOP
PCC.Seq0.Step1.Oscillator=Flash-LP
PCC.Seq0.Step1.Peripherals=
PCC.Seq0.Step1.SubMode1=DSTANDBY
PCC.Seq0.Step1.SubMode2=DSTANDBY
PCC.Seq0.Step1.SubMode3=DSTOP
PCC.Seq0.Step1.TaMax=124.98
PCC.Seq0.Step1.User's_Consumption=0 mA
PCC.Seq0.Step1.Vcore=SVOS5\: System-Scale5
PCC.Seq0.Step1.Vdd=3.0
PCC.Seq0.Step1.Voltage_Source=Battery
PCC.Series=STM32H7
PCC.Temperature=25
PCC.Vdd=3.0
PD0.GPIOParameters=GPIO_PuPd,GPIO_Label
PD0.GPIO_Label=SWITCH_LEFT
PD0.GPIO_PuPd=GPIO_PULLDOWN
PD0.Locked=true
PD0.Signal=GPIO_Input
PD1.GPIOParameters=GPIO_PuPd,GPIO_Label
PD1.GPIO_Label=SWITCH_UP
PD1.GPIO_PuPd=GPIO_PULLDOWN
PD1.Locked=true
PD1.Signal=GPIO_Input
PD10.GPIOParameters=GPIO_Label
PD10.GPIO_Label=MTR_DRVOFF_L
PD10.Locked=true
PD10.Signal=GPIO_Output
PD11.GPIOParameters=GPIO_Label
PD11.GPIO_Label=ENC_IN2_L
PD11.Mode=Encoder_mode_occur1
PD11.Signal=LPTIM2_IN2
PD12.GPIOParameters=GPIO_Label
PD12.GPIO_Label=ENC_IN1_R
PD12.Mode=Encoder_mode_occur1
PD12.Signal=LPTIM1_IN1
PD14.GPIOParameters=GPIO_Label
PD14.GPIO_Label=MTR_PWM_W_R
PD14.Signal=S_TIM4_CH3
PD15.GPIOParameters=GPIO_Label
PD15.GPIO_Label=MTR_PWM_INLX
PD15.Locked=true
PD15.Signal=GPIO_Output
PD2.Mode=SD_4_bits_Wide_bus
PD2.Signal=SDMMC1_CMD
PD3.GPIOParameters=GPIO_PuPd,GPIO_Label
PD3.GPIO_Label=SWITCH_DOWN
PD3.GPIO_PuPd=GPIO_PULLDOWN
PD3.Locked=true
PD3.Signal=GPIO_Input
PD4.GPIOParameters=GPIO_PuPd,GPIO_Label
PD4.GPIO_Label=SD_DETECT
PD4.GPIO_PuPd=GPIO_PULLUP
PD4.Locked=true
PD4.Signal=GPIO_Input
PD5.GPIOParameters=GPIO_PuPd,GPIO_Label
PD5.GPIO_Label=SWITCH_RIGHT
PD5.GPIO_PuPd=GPIO_PULLDOWN
PD5.Locked=true
PD5.Signal=GPIO_Input
PD6.GPIOParameters=GPIO_Speed,GPIO_PuPd,GPIO_Label
PD6.GPIO_Label=F_CS
PD6.GPIO_PuPd=GPIO_PULLUP
PD6.GPIO_Speed=GPIO_SPEED_FREQ_HIGH
PD6.Locked=true
PD6.Signal=GPIO_Output
PD7.GPIOParameters=GPIO_PuPd
PD7.GPIO_PuPd=GPIO_PULLUP
PD7.Mode=Full_Duplex_Master
PD7.Signal=SPI1_MOSI
PD8.GPIOParameters=GPIO_Label
PD8.GPIO_Label=MTR_nSLEEP_L
PD8.Locked=true
PD8.Signal=GPIO_Output
PD9.GPIOParameters=GPIO_PuPd,GPIO_Label
PD9.GPIO_Label=MTR_nFAULT_L
PD9.GPIO_PuPd=GPIO_PULLUP
PD9.Locked=true
PD9.Signal=GPIO_Input
PE0.GPIOParameters=GPIO_Label
PE0.GPIO_Label=IMU_INT1
PE0.Locked=true
PE0.Signal=GPIO_Input
PE1.GPIOParameters=GPIO_Label
PE1.GPIO_Label=ENC_IN2_R
PE1.Mode=Encoder_mode_occur1
PE1.Signal=LPTIM1_IN2
PE10.GPIOParameters=GPIO_Label
PE10.GPIO_Label=LCD_BK
PE10.Locked=true
PE10.Mode=PWM Generation2 CH2N
PE10.Signal=TIM1_CH2N
PE11.GPIOParameters=GPIO_Label
PE11.GPIO_Label=LCD_CS
PE11.Locked=true
PE11.Signal=GPIO_Output
PE12.GPIOParameters=GPIO_Speed,GPIO_Label
PE12.GPIO_Label=LCD_SCK
PE12.GPIO_Speed=GPIO_SPEED_FREQ_HIGH
PE12.Mode=Simplex_Bidirectional_Master
PE12.Signal=SPI4_SCK
PE13.GPIOParameters=GPIO_Label
PE13.GPIO_Label=LCD_WR_RS
PE13.Locked=true
PE13.Signal=GPIO_Output
PE14.GPIOParameters=GPIO_Speed,GPIO_Label
PE14.GPIO_Label=LCD_MOSI
PE14.GPIO_Speed=GPIO_SPEED_FREQ_HIGH
PE14.Locked=true
PE14.Mode=Simplex_Bidirectional_Master
PE14.Signal=SPI4_MOSI
PE15.GPIOParameters=GPIO_Label
PE15.GPIO_Label=SENSOR_LED_L
PE15.Locked=true
PE15.Signal=GPIO_Output
PE2.GPIOParameters=GPIO_Label
PE2.GPIO_Label=SENSOR_LED_R
PE2.Locked=true
PE2.Signal=GPIO_Output
PE3.GPIOParameters=PinState,GPIO_PuPd,GPIO_Label,GPIO_ModeDefaultOutputPP
PE3.GPIO_Label=E3
PE3.GPIO_ModeDefaultOutputPP=GPIO_MODE_OUTPUT_PP
PE3.GPIO_PuPd=GPIO_NOPULL
PE3.Locked=true
PE3.PinState=GPIO_PIN_SET
PE3.Signal=GPIO_Output
PE4.GPIOParameters=GPIO_Label
PE4.GPIO_Label=SENSOR_PT_EN
PE4.Locked=true
PE4.Signal=GPIO_Output
PE5.GPIOParameters=GPIO_Label
PE5.GPIO_Label=SENSOR_IR_EN
PE5.Locked=true
PE5.Signal=GPIO_Output
PE6.GPIOParameters=GPIO_Label
PE6.GPIO_Label=FAN_PWM
PE6.Signal=S_TIM15_CH2
PE7.GPIOParameters=GPIO_Label
PE7.GPIO_Label=SENSOR_MUX1
PE7.Locked=true
PE7.Signal=GPIO_Output
PE8.GPIOParameters=GPIO_Label
PE8.GPIO_Label=SENSOR_MUX2
PE8.Locked=true
PE8.Signal=GPIO_Output
PE9.GPIOParameters=GPIO_Label
PE9.GPIO_Label=SENSOR_MUX3
PE9.Locked=true
PE9.Signal=GPIO_Output
PH0-OSC_IN\ (PH0).Mode=HSE-External-Oscillator
PH0-OSC_IN\ (PH0).Signal=RCC_OSC_IN
PH1-OSC_OUT\ (PH1).Mode=HSE-External-Oscillator
PH1-OSC_OUT\ (PH1).Signal=RCC_OSC_OUT
PinOutPanel.RotationAngle=90
ProjectManager.AskForMigrate=true
ProjectManager.BackupPrevious=false
ProjectManager.CompilerLinker=GCC
ProjectManager.CompilerOptimize=6
ProjectManager.ComputerToolchain=false
ProjectManager.CoupleFile=true
ProjectManager.CustomerFirmwarePackage=
ProjectManager.DefaultFWLocation=true
ProjectManager.DeletePrevious=true
ProjectManager.DeviceId=STM32H743VITx
ProjectManager.FirmwarePackage=STM32Cube FW_H7 V1.12.1
ProjectManager.FreePins=false
ProjectManager.FreePinsContext=
ProjectManager.HalAssertFull=false
ProjectManager.HeapSize=0x200
ProjectManager.KeepUserCode=true
ProjectManager.LastFirmware=true
ProjectManager.LibraryCopy=1
ProjectManager.MainLocation=Core/Src
ProjectManager.NoMain=false
ProjectManager.PreviousToolchain=STM32CubeIDE
ProjectManager.ProjectBuild=false
ProjectManager.ProjectFileName=BLDC_Template_v2.0.0.ioc
ProjectManager.ProjectName=BLDC_Template_v2.0.0
ProjectManager.ProjectStructure=
ProjectManager.RegisterCallBack=
ProjectManager.StackSize=0x400
ProjectManager.TargetToolchain=STM32CubeIDE
ProjectManager.ToolChainLocation=
ProjectManager.UAScriptAfterPath=
ProjectManager.UAScriptBeforePath=
ProjectManager.UnderRoot=true
ProjectManager.functionlistsort=1-MX_GPIO_Init-GPIO-false-HAL-true,2-SystemClock_Config-RCC-false-HAL-false,3-MX_DMA_Init-DMA-false-HAL-true,4-MX_BDMA_Init-BDMA-false-HAL-true,5-MX_RTC_Init-RTC-false-HAL-true,6-MX_USB_DEVICE_Init-USB_DEVICE-true-HAL-false,7-MX_ADC1_Init-ADC1-false-HAL-true,8-MX_ADC2_Init-ADC2-false-HAL-true,9-MX_ADC3_Init-ADC3-false-HAL-true,10-MX_DAC1_Init-DAC1-false-HAL-true,11-MX_I2C1_Init-I2C1-false-HAL-true,12-MX_LPTIM1_Init-LPTIM1-false-HAL-true,13-MX_LPTIM2_Init-LPTIM2-false-HAL-true,14-MX_SDMMC1_SD_Init-SDMMC1-false-HAL-true,15-MX_SPI1_Init-SPI1-false-HAL-true,16-MX_SPI2_Init-SPI2-false-HAL-true,17-MX_SPI4_Init-SPI4-false-HAL-true,18-MX_TIM1_Init-TIM1-false-HAL-true,19-MX_TIM3_Init-TIM3-false-HAL-true,20-MX_TIM4_Init-TIM4-false-HAL-true,21-MX_TIM5_Init-TIM5-false-HAL-true,22-MX_TIM15_Init-TIM15-false-HAL-true,23-MX_USART2_UART_Init-USART2-false-HAL-true,24-MX_TIM16_Init-TIM16-false-HAL-true,25-MX_FATFS_Init-FATFS-false-HAL-false,26-MX_RNG_Init-RNG-false-HAL-true,27-MX_TIM7_Init-TIM7-false-HAL-true,28-MX_TIM2_Init-TIM2-false-HAL-true,29-MX_TIM6_Init-TIM6-false-HAL-true,30-MX_TIM13_Init-TIM13-false-HAL-true,31-MX_TIM14_Init-TIM14-false-HAL-true,0-MX_CORTEX_M7_Init-CORTEX_M7-false-HAL-true
RCC.ADCFreq_Value=100000000
RCC.AHB12Freq_Value=240000000
RCC.AHB4Freq_Value=240000000
RCC.APB1Freq_Value=120000000
RCC.APB2Freq_Value=120000000
RCC.APB3Freq_Value=120000000
RCC.APB4Freq_Value=120000000
RCC.AXIClockFreq_Value=240000000
RCC.CECFreq_Value=32000
RCC.CKPERFreq_Value=64000000
RCC.CortexFreq_Value=480000000
RCC.CpuClockFreq_Value=480000000
RCC.D1CPREFreq_Value=480000000
RCC.D1PPRE=RCC_APB3_DIV2
RCC.D2PPRE1=RCC_APB1_DIV2
RCC.D2PPRE2=RCC_APB2_DIV2
RCC.D3PPRE=RCC_APB4_DIV2
RCC.DFSDMACLkFreq_Value=80000000
RCC.DFSDMFreq_Value=120000000
RCC.DIVM1=5
RCC.DIVM2=2
RCC.DIVN1=192
RCC.DIVN2=40
RCC.DIVP1Freq_Value=480000000
RCC.DIVP2=5
RCC.DIVP2Freq_Value=100000000
RCC.DIVP3Freq_Value=50390625
RCC.DIVQ1=12
RCC.DIVQ1Freq_Value=80000000
RCC.DIVQ2Freq_Value=250000000
RCC.DIVQ3Freq_Value=50390625
RCC.DIVR1Freq_Value=480000000
RCC.DIVR2Freq_Value=250000000
RCC.DIVR3Freq_Value=50390625
RCC.FDCANFreq_Value=80000000
RCC.FMCFreq_Value=240000000
RCC.FamilyName=M
RCC.HCLK3ClockFreq_Value=240000000
RCC.HCLKFreq_Value=240000000
RCC.HPRE=RCC_HCLK_DIV2
RCC.HRTIMFreq_Value=240000000
RCC.HSE_VALUE=25000000
RCC.I2C123Freq_Value=120000000
RCC.I2C4Freq_Value=120000000
RCC.IPParameters=ADCFreq_Value,AHB12Freq_Value,AHB4Freq_Value,APB1Freq_Value,APB2Freq_Value,APB3Freq_Value,APB4Freq_Value,AXIClockFreq_Value,CECFreq_Value,CKPERFreq_Value,CortexFreq_Value,CpuClockFreq_Value,D1CPREFreq_Value,D1PPRE,D2PPRE1,D2PPRE2,D3PPRE,DFSDMACLkFreq_Value,DFSDMFreq_Value,DIVM1,DIVM2,DIVN1,DIVN2,DIVP1Freq_Value,DIVP2,DIVP2Freq_Value,DIVP3Freq_Value,DIVQ1,DIVQ1Freq_Value,DIVQ2Freq_Value,DIVQ3Freq_Value,DIVR1Freq_Value,DIVR2Freq_Value,DIVR3Freq_Value,FDCANFreq_Value,FMCFreq_Value,FamilyName,HCLK3ClockFreq_Value,HCLKFreq_Value,HPRE,HRTIMFreq_Value,HSE_VALUE,I2C123Freq_Value,I2C4Freq_Value,LPTIM1Freq_Value,LPTIM2Freq_Value,LPTIM345Freq_Value,LPUART1Freq_Value,LSE_Drive_Capability,LSE_Timout,LTDCFreq_Value,MCO1PinFreq_Value,MCO2PinFreq_Value,PLL2FRACN,PLL3FRACN,PLLFRACN,PLLSourceVirtual,QSPIFreq_Value,RCC_RTC_Clock_Source_FROM_HSE,RNGFreq_Value,RTCClockSelection,RTCFreq_Value,SAI1Freq_Value,SAI23Freq_Value,SAI4AFreq_Value,SAI4BFreq_Value,SDMMCFreq_Value,SPDIFRXFreq_Value,SPI123Freq_Value,SPI45Freq_Value,SPI6Freq_Value,SWPMI1Freq_Value,SYSCLKFreq_VALUE,SYSCLKSource,SupplySource,Tim1OutputFreq_Value,Tim2OutputFreq_Value,TraceFreq_Value,USART16Freq_Value,USART234578Freq_Value,USBCLockSelection,USBFreq_Value,VCO1OutputFreq_Value,VCO2OutputFreq_Value,VCO3OutputFreq_Value,VCOInput1Freq_Value,VCOInput2Freq_Value,VCOInput3Freq_Value
RCC.LPTIM1Freq_Value=120000000
RCC.LPTIM2Freq_Value=120000000
RCC.LPTIM345Freq_Value=120000000
RCC.LPUART1Freq_Value=120000000
RCC.LSE_Drive_Capability=RCC_LSEDRIVE_HIGH
RCC.LSE_Timout=500
RCC.LTDCFreq_Value=50390625
RCC.MCO1PinFreq_Value=64000000
RCC.MCO2PinFreq_Value=480000000
RCC.PLL2FRACN=0
RCC.PLL3FRACN=0
RCC.PLLFRACN=0
RCC.PLLSourceVirtual=RCC_PLLSOURCE_HSE
RCC.QSPIFreq_Value=240000000
RCC.RCC_RTC_Clock_Source_FROM_HSE=RCC_RTCCLKSOURCE_HSE_DIV50
RCC.RNGFreq_Value=48000000
RCC.RTCClockSelection=RCC_RTCCLKSOURCE_LSE
RCC.RTCFreq_Value=32768
RCC.SAI1Freq_Value=80000000
RCC.SAI23Freq_Value=80000000
RCC.SAI4AFreq_Value=80000000
RCC.SAI4BFreq_Value=80000000
RCC.SDMMCFreq_Value=80000000
RCC.SPDIFRXFreq_Value=80000000
RCC.SPI123Freq_Value=80000000
RCC.SPI45Freq_Value=120000000
RCC.SPI6Freq_Value=120000000
RCC.SWPMI1Freq_Value=120000000
RCC.SYSCLKFreq_VALUE=480000000
RCC.SYSCLKSource=RCC_SYSCLKSOURCE_PLLCLK
RCC.SupplySource=PWR_LDO_SUPPLY
RCC.Tim1OutputFreq_Value=240000000
RCC.Tim2OutputFreq_Value=240000000
RCC.TraceFreq_Value=480000000
RCC.USART16Freq_Value=120000000
RCC.USART234578Freq_Value=120000000
RCC.USBCLockSelection=RCC_USBCLKSOURCE_HSI48
RCC.USBFreq_Value=48000000
RCC.VCO1OutputFreq_Value=960000000
RCC.VCO2OutputFreq_Value=500000000
RCC.VCO3OutputFreq_Value=100781250
RCC.VCOInput1Freq_Value=5000000
RCC.VCOInput2Freq_Value=12500000
RCC.VCOInput3Freq_Value=781250
SDMMC1.ClockDiv=5
SDMMC1.IPParameters=ClockDiv
SH.ADCx_INP10.0=ADC1_INP10,IN10-Single-Ended
SH.ADCx_INP10.1=ADC2_INP10,IN10-Single-Ended
SH.ADCx_INP10.ConfNb=2
SH.ADCx_INP11.0=ADC3_INP11,IN11-Single-Ended
SH.ADCx_INP11.ConfNb=1
SH.ADCx_INP3.0=ADC1_INP3,IN3-Single-Ended
SH.ADCx_INP3.ConfNb=1
SH.ADCx_INP4.0=ADC1_INP4,IN4-Single-Ended
SH.ADCx_INP4.ConfNb=1
SH.ADCx_INP5.0=ADC2_INP5,IN5-Single-Ended
SH.ADCx_INP5.ConfNb=1
SH.ADCx_INP8.0=ADC2_INP8,IN8-Single-Ended
SH.ADCx_INP8.ConfNb=1
SH.COMP_DAC11_group.0=DAC1_OUT1,DAC_OUT1
SH.COMP_DAC11_group.ConfNb=1
SH.COMP_DAC12_group.0=DAC1_OUT2,DAC_OUT2
SH.COMP_DAC12_group.ConfNb=1
SH.S_TIM15_CH2.0=TIM15_CH2,PWM Generation2 CH2
SH.S_TIM15_CH2.ConfNb=1
SH.S_TIM3_CH1.0=TIM3_CH1,Xored_Inputs_Hall_Sensor_Interface
SH.S_TIM3_CH1.ConfNb=1
SH.S_TIM3_CH2.0=TIM3_CH2,Xored_Inputs_Hall_Sensor_Interface
SH.S_TIM3_CH2.ConfNb=1
SH.S_TIM3_CH3.0=TIM3_CH3,Xored_Inputs_Hall_Sensor_Interface
SH.S_TIM3_CH3.ConfNb=1
SH.S_TIM4_CH1.0=TIM4_CH1,Xored_Inputs_Hall_Sensor_Interface
SH.S_TIM4_CH1.ConfNb=1
SH.S_TIM4_CH2.0=TIM4_CH2,Xored_Inputs_Hall_Sensor_Interface
SH.S_TIM4_CH2.ConfNb=1
SH.S_TIM4_CH3.0=TIM4_CH3,Xored_Inputs_Hall_Sensor_Interface
SH.S_TIM4_CH3.ConfNb=1
SH.S_TIM5_CH1.0=TIM5_CH1,PWM Generation1 CH1
SH.S_TIM5_CH1.ConfNb=1
SH.S_TIM5_CH2.0=TIM5_CH2,PWM Generation2 CH2
SH.S_TIM5_CH2.ConfNb=1
SPI1.BaudRatePrescaler=SPI_BAUDRATEPRESCALER_2
SPI1.CalculateBaudRate=40.0 MBits/s
SPI1.DataSize=SPI_DATASIZE_8BIT
SPI1.Direction=SPI_DIRECTION_2LINES
SPI1.IPParameters=BaudRatePrescaler,CalculateBaudRate,NSSPMode,VirtualType,Mode,Direction,DataSize
SPI1.Mode=SPI_MODE_MASTER
SPI1.NSSPMode=SPI_NSS_PULSE_DISABLE
SPI1.VirtualType=VM_MASTER
SPI2.BaudRatePrescaler=SPI_BAUDRATEPRESCALER_16
SPI2.CLKPhase=SPI_PHASE_2EDGE
SPI2.CalculateBaudRate=5.0 MBits/s
SPI2.DataSize=SPI_DATASIZE_8BIT
SPI2.Direction=SPI_DIRECTION_2LINES
SPI2.IOSwap=SPI_IO_SWAP_ENABLE
SPI2.IPParameters=VirtualType,Mode,Direction,BaudRatePrescaler,CalculateBaudRate,DataSize,CLKPhase,IOSwap
SPI2.Mode=SPI_MODE_MASTER
SPI2.VirtualType=VM_MASTER
SPI4.BaudRatePrescaler=SPI_BAUDRATEPRESCALER_4
SPI4.CalculateBaudRate=30.0 MBits/s
SPI4.DataSize=SPI_DATASIZE_8BIT
SPI4.Direction=SPI_DIRECTION_1LINE
SPI4.IPParameters=VirtualType,Mode,Direction,CalculateBaudRate,DataSize,BaudRatePrescaler
SPI4.Mode=SPI_MODE_MASTER
SPI4.VirtualType=VM_MASTER
TIM1.Channel-PWM\ Generation2\ CH2N=TIM_CHANNEL_2
TIM1.IPParameters=Channel-PWM Generation2 CH2N,Prescaler,Period,OCMode_PWM-PWM Generation2 CH2N
TIM1.OCMode_PWM-PWM\ Generation2\ CH2N=TIM_OCMODE_PWM2
TIM1.Period=1000-1
TIM1.Prescaler=24-1
TIM13.IPParameters=Prescaler,Period
TIM13.Period=1000-1
TIM13.Prescaler=240-1
TIM14.IPParameters=Prescaler,Period
TIM14.Period=500-1
TIM14.Prescaler=240-1
TIM15.Channel-PWM\ Generation2\ CH2=TIM_CHANNEL_2
TIM15.IPParameters=Channel-PWM Generation2 CH2,Prescaler,Period
TIM15.Period=1000-1
TIM15.Prescaler=240-1
TIM16.IPParameters=Prescaler,Period
TIM16.Period=100-1
TIM16.Prescaler=120-1
TIM2.AutoReloadPreload=TIM_AUTORELOAD_PRELOAD_ENABLE
TIM2.IPParameters=TIM_MasterOutputTrigger,Prescaler,Period,AutoReloadPreload,TIM_MasterSlaveMode
TIM2.Period=40-1
TIM2.Prescaler=240-1
TIM2.TIM_MasterOutputTrigger=TIM_TRGO_UPDATE
TIM2.TIM_MasterSlaveMode=TIM_MASTERSLAVEMODE_ENABLE
TIM3.AutoReloadPreload=TIM_AUTORELOAD_PRELOAD_ENABLE
TIM3.IPParameters=Period,AutoReloadPreload
TIM3.Period=65535
TIM4.AutoReloadPreload=TIM_AUTORELOAD_PRELOAD_ENABLE
TIM4.Channel-PWM\ Generation1\ CH1=TIM_CHANNEL_1
TIM4.Channel-PWM\ Generation2\ CH2=TIM_CHANNEL_2
TIM4.IPParameters=Channel-PWM Generation1 CH1,Channel-PWM Generation2 CH2,AutoReloadPreload
TIM5.Channel-PWM\ Generation1\ CH1=TIM_CHANNEL_1
TIM5.Channel-PWM\ Generation2\ CH2=TIM_CHANNEL_2
TIM5.IPParameters=Channel-PWM Generation1 CH1,Channel-PWM Generation2 CH2,Period
TIM5.Period=9600-1
TIM6.AutoReloadPreload=TIM_AUTORELOAD_PRELOAD_ENABLE
TIM6.IPParameters=TIM_MasterOutputTrigger,Prescaler,Period,AutoReloadPreload
TIM6.Period=4000-1
TIM6.Prescaler=12-1
TIM6.TIM_MasterOutputTrigger=TIM_TRGO_UPDATE
TIM7.IPParameters=Prescaler,Period
TIM7.Period=500-1
TIM7.Prescaler=240-1
USART2.IPParameters=VirtualMode-Asynchronous
USART2.VirtualMode-Asynchronous=VM_ASYNC
USB_DEVICE.CLASS_NAME_FS=CUSTOM_HID
USB_DEVICE.CONFIGURATION_STRING_CUSTOMHID_FS=STM32 HID Bootloader Config
USB_DEVICE.CUSTOM_HID_FS_BINTERVAL=0x1
USB_DEVICE.INTERFACE_STRING_CUSTOMHID_FS=STM32 HID Bootloader Interface
USB_DEVICE.IPParameters=VirtualMode-CUSTOM_HID_FS,VirtualModeFS,CLASS_NAME_FS,CUSTOM_HID_FS_BINTERVAL,USBD_CUSTOM_HID_REPORT_DESC_SIZE-CUSTOM_HID_FS,USBD_CUSTOMHID_OUTREPORT_BUF_SIZE-CUSTOM_HID_FS,PID_CUSTOMHID_FS,PRODUCT_STRING_CUSTOMHID_FS,MANUFACTURER_STRING-CUSTOM_HID_FS,CONFIGURATION_STRING_CUSTOMHID_FS,INTERFACE_STRING_CUSTOMHID_FS,USBD_SELF_POWERED-CUSTOM_HID_FS
USB_DEVICE.MANUFACTURER_STRING-CUSTOM_HID_FS=WeAct Studio
USB_DEVICE.PID_CUSTOMHID_FS=22314
USB_DEVICE.PRODUCT_STRING_CUSTOMHID_FS=WeAct Studio HID Bootloader
USB_DEVICE.USBD_CUSTOMHID_OUTREPORT_BUF_SIZE-CUSTOM_HID_FS=64
USB_DEVICE.USBD_CUSTOM_HID_REPORT_DESC_SIZE-CUSTOM_HID_FS=20
USB_DEVICE.USBD_SELF_POWERED-CUSTOM_HID_FS=0
USB_DEVICE.VirtualMode-CUSTOM_HID_FS=CustomHid
USB_DEVICE.VirtualModeFS=Custom_Hid_FS
USB_OTG_FS.IPParameters=VirtualMode
USB_OTG_FS.VirtualMode=Device_Only
VP_FATFS_VS_SDIO.Mode=SDIO
VP_FATFS_VS_SDIO.Signal=FATFS_VS_SDIO
VP_MEMORYMAP_VS_MEMORYMAP.Mode=CurAppReg
VP_MEMORYMAP_VS_MEMORYMAP.Signal=MEMORYMAP_VS_MEMORYMAP
VP_RNG_VS_RNG.Mode=RNG_Activate
VP_RNG_VS_RNG.Signal=RNG_VS_RNG
VP_RTC_VS_RTC_Activate.Mode=RTC_Enabled
VP_RTC_VS_RTC_Activate.Signal=RTC_VS_RTC_Activate
VP_SYS_VS_Systick.Mode=SysTick
VP_SYS_VS_Systick.Signal=SYS_VS_Systick
VP_TIM13_VS_ClockSourceINT.Mode=Enable_Timer
VP_TIM13_VS_ClockSourceINT.Signal=TIM13_VS_ClockSourceINT
VP_TIM14_VS_ClockSourceINT.Mode=Enable_Timer
VP_TIM14_VS_ClockSourceINT.Signal=TIM14_VS_ClockSourceINT
VP_TIM16_VS_ClockSourceINT.Mode=Enable_Timer
VP_TIM16_VS_ClockSourceINT.Signal=TIM16_VS_ClockSourceINT
VP_TIM1_VS_ClockSourceINT.Mode=Internal
VP_TIM1_VS_ClockSourceINT.Signal=TIM1_VS_ClockSourceINT
VP_TIM2_VS_ClockSourceINT.Mode=Internal
VP_TIM2_VS_ClockSourceINT.Signal=TIM2_VS_ClockSourceINT
VP_TIM2_VS_OPM.Mode=OPM_bit
VP_TIM2_VS_OPM.Signal=TIM2_VS_OPM
VP_TIM6_VS_ClockSourceINT.Mode=Enable_Timer
VP_TIM6_VS_ClockSourceINT.Signal=TIM6_VS_ClockSourceINT
VP_TIM7_VS_ClockSourceINT.Mode=Enable_Timer
VP_TIM7_VS_ClockSourceINT.Signal=TIM7_VS_ClockSourceINT
VP_USB_DEVICE_VS_USB_DEVICE_CUSTOM_HID_FS.Mode=CUSTOM_HID_FS
VP_USB_DEVICE_VS_USB_DEVICE_CUSTOM_HID_FS.Signal=USB_DEVICE_VS_USB_DEVICE_CUSTOM_HID_FS
board=custom
